// !$*UTF8*$!
{
	archiveVersion = 1;
	classes = {
	};
	objectVersion = 55;
	objects = {

/* Begin PBXBuildFile section */
		A0C241572786BAD9002F9152 /* AppDelegate.swift in Sources */ = {isa = PBXBuildFile; fileRef = A0C241562786BAD9002F9152 /* AppDelegate.swift */; };
		A0C241592786BAD9002F9152 /* SceneDelegate.swift in Sources */ = {isa = PBXBuildFile; fileRef = A0C241582786BAD9002F9152 /* SceneDelegate.swift */; };
		A0C2415B2786BAD9002F9152 /* LocationViewController.swift in Sources */ = {isa = PBXBuildFile; fileRef = A0C2415A2786BAD9002F9152 /* LocationViewController.swift */; };
		A0C241602786BADA002F9152 /* Assets.xcassets in Resources */ = {isa = PBXBuildFile; fileRef = A0C2415F2786BADA002F9152 /* Assets.xcassets */; };
		A0C241632786BADA002F9152 /* LaunchScreen.storyboard in Resources */ = {isa = PBXBuildFile; fileRef = A0C241612786BADA002F9152 /* LaunchScreen.storyboard */; };
		A0C2416B2786BC7C002F9152 /* DaumMap.embeddedframework in Resources */ = {isa = PBXBuildFile; fileRef = A0C2416A2786BC7C002F9152 /* DaumMap.embeddedframework */; };
		A0C2416E2786BD0C002F9152 /* OpenGLES.framework in Frameworks */ = {isa = PBXBuildFile; fileRef = A0C2416D2786BD0C002F9152 /* OpenGLES.framework */; };
		A0C241702786BD15002F9152 /* SystemConfiguration.framework in Frameworks */ = {isa = PBXBuildFile; fileRef = A0C2416F2786BD15002F9152 /* SystemConfiguration.framework */; };
		A0C241722786BD1C002F9152 /* CoreLocation.framework in Frameworks */ = {isa = PBXBuildFile; fileRef = A0C241712786BD1C002F9152 /* CoreLocation.framework */; };
		A0C241742786BD25002F9152 /* QuartzCore.framework in Frameworks */ = {isa = PBXBuildFile; fileRef = A0C241732786BD25002F9152 /* QuartzCore.framework */; };
		A0C241762786BD33002F9152 /* libc++.tbd in Frameworks */ = {isa = PBXBuildFile; fileRef = A0C241752786BD33002F9152 /* libc++.tbd */; };
		A0C241782786BD3B002F9152 /* libxml2.tbd in Frameworks */ = {isa = PBXBuildFile; fileRef = A0C241772786BD3B002F9152 /* libxml2.tbd */; };
		A0C2417A2786BD49002F9152 /* libsqlite3.tbd in Frameworks */ = {isa = PBXBuildFile; fileRef = A0C241792786BD49002F9152 /* libsqlite3.tbd */; };
		A0C2417D2786BFF6002F9152 /* DaumMap.framework in Frameworks */ = {isa = PBXBuildFile; fileRef = A0C2417C2786BFF6002F9152 /* DaumMap.framework */; };
		A0C2417F2786C0FE002F9152 /* LocationData.swift in Sources */ = {isa = PBXBuildFile; fileRef = A0C2417E2786C0FE002F9152 /* LocationData.swift */; };
		A0C241812786C289002F9152 /* DetailListCellData.swift in Sources */ = {isa = PBXBuildFile; fileRef = A0C241802786C289002F9152 /* DetailListCellData.swift */; };
		A0C241842786C77C002F9152 /* SnapKit in Frameworks */ = {isa = PBXBuildFile; productRef = A0C241832786C77C002F9152 /* SnapKit */; };
		A0C2418627883094002F9152 /* LocationViewModel.swift in Sources */ = {isa = PBXBuildFile; fileRef = A0C2418527883094002F9152 /* LocationViewModel.swift */; };
		A0C2418B27883175002F9152 /* RxCocoa in Frameworks */ = {isa = PBXBuildFile; productRef = A0C2418A27883175002F9152 /* RxCocoa */; };
		A0C2418D27883175002F9152 /* RxRelay in Frameworks */ = {isa = PBXBuildFile; productRef = A0C2418C27883175002F9152 /* RxRelay */; };
		A0C2418F27883175002F9152 /* RxSwift in Frameworks */ = {isa = PBXBuildFile; productRef = A0C2418E27883175002F9152 /* RxSwift */; };
/* End PBXBuildFile section */

/* Begin PBXFileReference section */
		A0C241532786BAD9002F9152 /* FindMyCVS.app */ = {isa = PBXFileReference; explicitFileType = wrapper.application; includeInIndex = 0; path = FindMyCVS.app; sourceTree = BUILT_PRODUCTS_DIR; };
		A0C241562786BAD9002F9152 /* AppDelegate.swift */ = {isa = PBXFileReference; lastKnownFileType = sourcecode.swift; path = AppDelegate.swift; sourceTree = "<group>"; };
		A0C241582786BAD9002F9152 /* SceneDelegate.swift */ = {isa = PBXFileReference; lastKnownFileType = sourcecode.swift; path = SceneDelegate.swift; sourceTree = "<group>"; };
		A0C2415A2786BAD9002F9152 /* LocationViewController.swift */ = {isa = PBXFileReference; lastKnownFileType = sourcecode.swift; path = LocationViewController.swift; sourceTree = "<group>"; };
		A0C2415F2786BADA002F9152 /* Assets.xcassets */ = {isa = PBXFileReference; lastKnownFileType = folder.assetcatalog; path = Assets.xcassets; sourceTree = "<group>"; };
		A0C241622786BADA002F9152 /* Base */ = {isa = PBXFileReference; lastKnownFileType = file.storyboard; name = Base; path = Base.lproj/LaunchScreen.storyboard; sourceTree = "<group>"; };
		A0C241642786BADA002F9152 /* Info.plist */ = {isa = PBXFileReference; lastKnownFileType = text.plist.xml; path = Info.plist; sourceTree = "<group>"; };
		A0C2416A2786BC7C002F9152 /* DaumMap.embeddedframework */ = {isa = PBXFileReference; lastKnownFileType = folder; path = DaumMap.embeddedframework; sourceTree = "<group>"; };
		A0C2416D2786BD0C002F9152 /* OpenGLES.framework */ = {isa = PBXFileReference; lastKnownFileType = wrapper.framework; name = OpenGLES.framework; path = System/Library/Frameworks/OpenGLES.framework; sourceTree = SDKROOT; };
		A0C2416F2786BD15002F9152 /* SystemConfiguration.framework */ = {isa = PBXFileReference; lastKnownFileType = wrapper.framework; name = SystemConfiguration.framework; path = System/Library/Frameworks/SystemConfiguration.framework; sourceTree = SDKROOT; };
		A0C241712786BD1C002F9152 /* CoreLocation.framework */ = {isa = PBXFileReference; lastKnownFileType = wrapper.framework; name = CoreLocation.framework; path = System/Library/Frameworks/CoreLocation.framework; sourceTree = SDKROOT; };
		A0C241732786BD25002F9152 /* QuartzCore.framework */ = {isa = PBXFileReference; lastKnownFileType = wrapper.framework; name = QuartzCore.framework; path = System/Library/Frameworks/QuartzCore.framework; sourceTree = SDKROOT; };
		A0C241752786BD33002F9152 /* libc++.tbd */ = {isa = PBXFileReference; lastKnownFileType = "sourcecode.text-based-dylib-definition"; name = "libc++.tbd"; path = "usr/lib/libc++.tbd"; sourceTree = SDKROOT; };
		A0C241772786BD3B002F9152 /* libxml2.tbd */ = {isa = PBXFileReference; lastKnownFileType = "sourcecode.text-based-dylib-definition"; name = libxml2.tbd; path = usr/lib/libxml2.tbd; sourceTree = SDKROOT; };
		A0C241792786BD49002F9152 /* libsqlite3.tbd */ = {isa = PBXFileReference; lastKnownFileType = "sourcecode.text-based-dylib-definition"; name = libsqlite3.tbd; path = usr/lib/libsqlite3.tbd; sourceTree = SDKROOT; };
		A0C2417B2786BF6E002F9152 /* BridgingHeader.h */ = {isa = PBXFileReference; lastKnownFileType = sourcecode.c.h; path = BridgingHeader.h; sourceTree = "<group>"; };
		A0C2417C2786BFF6002F9152 /* DaumMap.framework */ = {isa = PBXFileReference; lastKnownFileType = wrapper.framework; name = DaumMap.framework; path = DaumMap.embeddedframework/DaumMap.framework; sourceTree = "<group>"; };
		A0C2417E2786C0FE002F9152 /* LocationData.swift */ = {isa = PBXFileReference; lastKnownFileType = sourcecode.swift; path = LocationData.swift; sourceTree = "<group>"; };
		A0C241802786C289002F9152 /* DetailListCellData.swift */ = {isa = PBXFileReference; lastKnownFileType = sourcecode.swift; path = DetailListCellData.swift; sourceTree = "<group>"; };
		A0C2418527883094002F9152 /* LocationViewModel.swift */ = {isa = PBXFileReference; lastKnownFileType = sourcecode.swift; path = LocationViewModel.swift; sourceTree = "<group>"; };
/* End PBXFileReference section */

/* Begin PBXFrameworksBuildPhase section */
		A0C241502786BAD9002F9152 /* Frameworks */ = {
			isa = PBXFrameworksBuildPhase;
			buildActionMask = 2147483647;
			files = (
				A0C2417A2786BD49002F9152 /* libsqlite3.tbd in Frameworks */,
				A0C241782786BD3B002F9152 /* libxml2.tbd in Frameworks */,
				A0C2418B27883175002F9152 /* RxCocoa in Frameworks */,
				A0C241762786BD33002F9152 /* libc++.tbd in Frameworks */,
				A0C241742786BD25002F9152 /* QuartzCore.framework in Frameworks */,
				A0C241722786BD1C002F9152 /* CoreLocation.framework in Frameworks */,
				A0C2418F27883175002F9152 /* RxSwift in Frameworks */,
				A0C2418D27883175002F9152 /* RxRelay in Frameworks */,
				A0C241702786BD15002F9152 /* SystemConfiguration.framework in Frameworks */,
				A0C241842786C77C002F9152 /* SnapKit in Frameworks */,
				A0C2416E2786BD0C002F9152 /* OpenGLES.framework in Frameworks */,
				A0C2417D2786BFF6002F9152 /* DaumMap.framework in Frameworks */,
			);
			runOnlyForDeploymentPostprocessing = 0;
		};
/* End PBXFrameworksBuildPhase section */

/* Begin PBXGroup section */
		A0C2414A2786BAD9002F9152 = {
			isa = PBXGroup;
			children = (
				A0C241552786BAD9002F9152 /* FindMyCVS */,
				A0C241542786BAD9002F9152 /* Products */,
				A0C2416C2786BD0C002F9152 /* Frameworks */,
			);
			sourceTree = "<group>";
		};
		A0C241542786BAD9002F9152 /* Products */ = {
			isa = PBXGroup;
			children = (
				A0C241532786BAD9002F9152 /* FindMyCVS.app */,
			);
			name = Products;
			sourceTree = "<group>";
		};
		A0C241552786BAD9002F9152 /* FindMyCVS */ = {
			isa = PBXGroup;
			children = (
				A0C2417B2786BF6E002F9152 /* BridgingHeader.h */,
				A0C241562786BAD9002F9152 /* AppDelegate.swift */,
				A0C241582786BAD9002F9152 /* SceneDelegate.swift */,
				A0C2415A2786BAD9002F9152 /* LocationViewController.swift */,
				A0C2418527883094002F9152 /* LocationViewModel.swift */,
				A0C2417E2786C0FE002F9152 /* LocationData.swift */,
				A0C241802786C289002F9152 /* DetailListCellData.swift */,
				A0C2415F2786BADA002F9152 /* Assets.xcassets */,
				A0C241612786BADA002F9152 /* LaunchScreen.storyboard */,
				A0C241642786BADA002F9152 /* Info.plist */,
			);
			path = FindMyCVS;
			sourceTree = "<group>";
		};
		A0C2416C2786BD0C002F9152 /* Frameworks */ = {
			isa = PBXGroup;
			children = (
				A0C2416A2786BC7C002F9152 /* DaumMap.embeddedframework */,
				A0C241792786BD49002F9152 /* libsqlite3.tbd */,
				A0C241772786BD3B002F9152 /* libxml2.tbd */,
				A0C241752786BD33002F9152 /* libc++.tbd */,
				A0C241732786BD25002F9152 /* QuartzCore.framework */,
				A0C241712786BD1C002F9152 /* CoreLocation.framework */,
				A0C2416F2786BD15002F9152 /* SystemConfiguration.framework */,
				A0C2417C2786BFF6002F9152 /* DaumMap.framework */,
				A0C2416D2786BD0C002F9152 /* OpenGLES.framework */,
			);
			name = Frameworks;
			sourceTree = "<group>";
		};
/* End PBXGroup section */

/* Begin PBXNativeTarget section */
		A0C241522786BAD9002F9152 /* FindMyCVS */ = {
			isa = PBXNativeTarget;
			buildConfigurationList = A0C241672786BADA002F9152 /* Build configuration list for PBXNativeTarget "FindMyCVS" */;
			buildPhases = (
				A0C2414F2786BAD9002F9152 /* Sources */,
				A0C241502786BAD9002F9152 /* Frameworks */,
				A0C241512786BAD9002F9152 /* Resources */,
			);
			buildRules = (
			);
			dependencies = (
			);
			name = FindMyCVS;
			packageProductDependencies = (
				A0C241832786C77C002F9152 /* SnapKit */,
				A0C2418A27883175002F9152 /* RxCocoa */,
				A0C2418C27883175002F9152 /* RxRelay */,
				A0C2418E27883175002F9152 /* RxSwift */,
			);
			productName = FindMyCVS;
			productReference = A0C241532786BAD9002F9152 /* FindMyCVS.app */;
			productType = "com.apple.product-type.application";
		};
/* End PBXNativeTarget section */

/* Begin PBXProject section */
		A0C2414B2786BAD9002F9152 /* Project object */ = {
			isa = PBXProject;
			attributes = {
				BuildIndependentTargetsInParallel = 1;
				LastSwiftUpdateCheck = 1320;
				LastUpgradeCheck = 1320;
				TargetAttributes = {
					A0C241522786BAD9002F9152 = {
						CreatedOnToolsVersion = 13.2.1;
					};
				};
			};
			buildConfigurationList = A0C2414E2786BAD9002F9152 /* Build configuration list for PBXProject "FindMyCVS" */;
			compatibilityVersion = "Xcode 13.0";
			developmentRegion = en;
			hasScannedForEncodings = 0;
			knownRegions = (
				en,
				Base,
			);
			mainGroup = A0C2414A2786BAD9002F9152;
			packageReferences = (
				A0C241822786C77C002F9152 /* XCRemoteSwiftPackageReference "SnapKit" */,
				A0C2418727883175002F9152 /* XCRemoteSwiftPackageReference "RxSwift" */,
			);
			productRefGroup = A0C241542786BAD9002F9152 /* Products */;
			projectDirPath = "";
			projectRoot = "";
			targets = (
				A0C241522786BAD9002F9152 /* FindMyCVS */,
			);
		};
/* End PBXProject section */

/* Begin PBXResourcesBuildPhase section */
		A0C241512786BAD9002F9152 /* Resources */ = {
			isa = PBXResourcesBuildPhase;
			buildActionMask = 2147483647;
			files = (
				A0C2416B2786BC7C002F9152 /* DaumMap.embeddedframework in Resources */,
				A0C241632786BADA002F9152 /* LaunchScreen.storyboard in Resources */,
				A0C241602786BADA002F9152 /* Assets.xcassets in Resources */,
			);
			runOnlyForDeploymentPostprocessing = 0;
		};
/* End PBXResourcesBuildPhase section */

/* Begin PBXSourcesBuildPhase section */
		A0C2414F2786BAD9002F9152 /* Sources */ = {
			isa = PBXSourcesBuildPhase;
			buildActionMask = 2147483647;
			files = (
				A0C2417F2786C0FE002F9152 /* LocationData.swift in Sources */,
				A0C2418627883094002F9152 /* LocationViewModel.swift in Sources */,
				A0C2415B2786BAD9002F9152 /* LocationViewController.swift in Sources */,
				A0C241572786BAD9002F9152 /* AppDelegate.swift in Sources */,
				A0C241812786C289002F9152 /* DetailListCellData.swift in Sources */,
				A0C241592786BAD9002F9152 /* SceneDelegate.swift in Sources */,
			);
			runOnlyForDeploymentPostprocessing = 0;
		};
/* End PBXSourcesBuildPhase section */

/* Begin PBXVariantGroup section */
		A0C241612786BADA002F9152 /* LaunchScreen.storyboard */ = {
			isa = PBXVariantGroup;
			children = (
				A0C241622786BADA002F9152 /* Base */,
			);
			name = LaunchScreen.storyboard;
			sourceTree = "<group>";
		};
/* End PBXVariantGroup section */

/* Begin XCBuildConfiguration section */
		A0C241652786BADA002F9152 /* Debug */ = {
			isa = XCBuildConfiguration;
			buildSettings = {
				ALWAYS_SEARCH_USER_PATHS = NO;
				CLANG_ANALYZER_NONNULL = YES;
				CLANG_ANALYZER_NUMBER_OBJECT_CONVERSION = YES_AGGRESSIVE;
				CLANG_CXX_LANGUAGE_STANDARD = "gnu++17";
				CLANG_CXX_LIBRARY = "libc++";
				CLANG_ENABLE_MODULES = YES;
				CLANG_ENABLE_OBJC_ARC = NO;
				CLANG_ENABLE_OBJC_WEAK = YES;
				CLANG_WARN_BLOCK_CAPTURE_AUTORELEASING = YES;
				CLANG_WARN_BOOL_CONVERSION = YES;
				CLANG_WARN_COMMA = YES;
				CLANG_WARN_CONSTANT_CONVERSION = YES;
				CLANG_WARN_DEPRECATED_OBJC_IMPLEMENTATIONS = YES;
				CLANG_WARN_DIRECT_OBJC_ISA_USAGE = YES_ERROR;
				CLANG_WARN_DOCUMENTATION_COMMENTS = YES;
				CLANG_WARN_EMPTY_BODY = YES;
				CLANG_WARN_ENUM_CONVERSION = YES;
				CLANG_WARN_INFINITE_RECURSION = YES;
				CLANG_WARN_INT_CONVERSION = YES;
				CLANG_WARN_NON_LITERAL_NULL_CONVERSION = YES;
				CLANG_WARN_OBJC_IMPLICIT_RETAIN_SELF = YES;
				CLANG_WARN_OBJC_LITERAL_CONVERSION = YES;
				CLANG_WARN_OBJC_ROOT_CLASS = YES_ERROR;
				CLANG_WARN_QUOTED_INCLUDE_IN_FRAMEWORK_HEADER = YES;
				CLANG_WARN_RANGE_LOOP_ANALYSIS = YES;
				CLANG_WARN_STRICT_PROTOTYPES = YES;
				CLANG_WARN_SUSPICIOUS_MOVE = YES;
				CLANG_WARN_UNGUARDED_AVAILABILITY = YES_AGGRESSIVE;
				CLANG_WARN_UNREACHABLE_CODE = YES;
				CLANG_WARN__DUPLICATE_METHOD_MATCH = YES;
				COPY_PHASE_STRIP = NO;
				DEBUG_INFORMATION_FORMAT = dwarf;
				ENABLE_STRICT_OBJC_MSGSEND = YES;
				ENABLE_TESTABILITY = YES;
				GCC_C_LANGUAGE_STANDARD = gnu11;
				GCC_DYNAMIC_NO_PIC = NO;
				GCC_NO_COMMON_BLOCKS = YES;
				GCC_OPTIMIZATION_LEVEL = 0;
				GCC_PREPROCESSOR_DEFINITIONS = (
					"DEBUG=1",
					"$(inherited)",
				);
				GCC_WARN_64_TO_32_BIT_CONVERSION = YES;
				GCC_WARN_ABOUT_RETURN_TYPE = YES_ERROR;
				GCC_WARN_UNDECLARED_SELECTOR = YES;
				GCC_WARN_UNINITIALIZED_AUTOS = YES_AGGRESSIVE;
				GCC_WARN_UNUSED_FUNCTION = YES;
				GCC_WARN_UNUSED_VARIABLE = YES;
				IPHONEOS_DEPLOYMENT_TARGET = 15.2;
				MTL_ENABLE_DEBUG_INFO = INCLUDE_SOURCE;
				MTL_FAST_MATH = YES;
				ONLY_ACTIVE_ARCH = YES;
				SDKROOT = iphoneos;
				SWIFT_ACTIVE_COMPILATION_CONDITIONS = DEBUG;
				SWIFT_OPTIMIZATION_LEVEL = "-Onone";
			};
			name = Debug;
		};
		A0C241662786BADA002F9152 /* Release */ = {
			isa = XCBuildConfiguration;
			buildSettings = {
				ALWAYS_SEARCH_USER_PATHS = NO;
				CLANG_ANALYZER_NONNULL = YES;
				CLANG_ANALYZER_NUMBER_OBJECT_CONVERSION = YES_AGGRESSIVE;
				CLANG_CXX_LANGUAGE_STANDARD = "gnu++17";
				CLANG_CXX_LIBRARY = "libc++";
				CLANG_ENABLE_MODULES = YES;
				CLANG_ENABLE_OBJC_ARC = NO;
				CLANG_ENABLE_OBJC_WEAK = YES;
				CLANG_WARN_BLOCK_CAPTURE_AUTORELEASING = YES;
				CLANG_WARN_BOOL_CONVERSION = YES;
				CLANG_WARN_COMMA = YES;
				CLANG_WARN_CONSTANT_CONVERSION = YES;
				CLANG_WARN_DEPRECATED_OBJC_IMPLEMENTATIONS = YES;
				CLANG_WARN_DIRECT_OBJC_ISA_USAGE = YES_ERROR;
				CLANG_WARN_DOCUMENTATION_COMMENTS = YES;
				CLANG_WARN_EMPTY_BODY = YES;
				CLANG_WARN_ENUM_CONVERSION = YES;
				CLANG_WARN_INFINITE_RECURSION = YES;
				CLANG_WARN_INT_CONVERSION = YES;
				CLANG_WARN_NON_LITERAL_NULL_CONVERSION = YES;
				CLANG_WARN_OBJC_IMPLICIT_RETAIN_SELF = YES;
				CLANG_WARN_OBJC_LITERAL_CONVERSION = YES;
				CLANG_WARN_OBJC_ROOT_CLASS = YES_ERROR;
				CLANG_WARN_QUOTED_INCLUDE_IN_FRAMEWORK_HEADER = YES;
				CLANG_WARN_RANGE_LOOP_ANALYSIS = YES;
				CLANG_WARN_STRICT_PROTOTYPES = YES;
				CLANG_WARN_SUSPICIOUS_MOVE = YES;
				CLANG_WARN_UNGUARDED_AVAILABILITY = YES_AGGRESSIVE;
				CLANG_WARN_UNREACHABLE_CODE = YES;
				CLANG_WARN__DUPLICATE_METHOD_MATCH = YES;
				COPY_PHASE_STRIP = NO;
				DEBUG_INFORMATION_FORMAT = "dwarf-with-dsym";
				ENABLE_NS_ASSERTIONS = NO;
				ENABLE_STRICT_OBJC_MSGSEND = YES;
				GCC_C_LANGUAGE_STANDARD = gnu11;
				GCC_NO_COMMON_BLOCKS = YES;
				GCC_WARN_64_TO_32_BIT_CONVERSION = YES;
				GCC_WARN_ABOUT_RETURN_TYPE = YES_ERROR;
				GCC_WARN_UNDECLARED_SELECTOR = YES;
				GCC_WARN_UNINITIALIZED_AUTOS = YES_AGGRESSIVE;
				GCC_WARN_UNUSED_FUNCTION = YES;
				GCC_WARN_UNUSED_VARIABLE = YES;
				IPHONEOS_DEPLOYMENT_TARGET = 15.2;
				MTL_ENABLE_DEBUG_INFO = NO;
				MTL_FAST_MATH = YES;
				SDKROOT = iphoneos;
				SWIFT_COMPILATION_MODE = wholemodule;
				SWIFT_OPTIMIZATION_LEVEL = "-O";
				VALIDATE_PRODUCT = YES;
			};
			name = Release;
		};
		A0C241682786BADA002F9152 /* Debug */ = {
			isa = XCBuildConfiguration;
			buildSettings = {
				ASSETCATALOG_COMPILER_APPICON_NAME = AppIcon;
				ASSETCATALOG_COMPILER_GLOBAL_ACCENT_COLOR_NAME = AccentColor;
				CODE_SIGN_STYLE = Automatic;
				CURRENT_PROJECT_VERSION = 1;
				DEVELOPMENT_TEAM = HM9J3DG5MT;
				FRAMEWORK_SEARCH_PATHS = (
					"$(inherited)",
					"$(PROJECT_DIR)/DaumMap.embeddedframework",
				);
				GENERATE_INFOPLIST_FILE = YES;
				INFOPLIST_FILE = FindMyCVS/Info.plist;
				INFOPLIST_KEY_UIApplicationSupportsIndirectInputEvents = YES;
				INFOPLIST_KEY_UILaunchStoryboardName = LaunchScreen;
				INFOPLIST_KEY_UISupportedInterfaceOrientations_iPad = "UIInterfaceOrientationPortrait UIInterfaceOrientationPortraitUpsideDown UIInterfaceOrientationLandscapeLeft UIInterfaceOrientationLandscapeRight";
				INFOPLIST_KEY_UISupportedInterfaceOrientations_iPhone = "UIInterfaceOrientationPortrait UIInterfaceOrientationLandscapeLeft UIInterfaceOrientationLandscapeRight";
				LD_RUNPATH_SEARCH_PATHS = (
					"$(inherited)",
					"@executable_path/Frameworks",
				);
				MARKETING_VERSION = 1.0;
				PRODUCT_BUNDLE_IDENTIFIER = com.soduma.FindMyCVS;
				PRODUCT_NAME = "$(TARGET_NAME)";
				SWIFT_EMIT_LOC_STRINGS = YES;
				SWIFT_OBJC_BRIDGING_HEADER = /Users/infofield/Desktop/FindMyCVS/FindMyCVS/BridgingHeader.h;
				SWIFT_VERSION = 5.0;
				TARGETED_DEVICE_FAMILY = "1,2";
			};
			name = Debug;
		};
		A0C241692786BADA002F9152 /* Release */ = {
			isa = XCBuildConfiguration;
			buildSettings = {
				ASSETCATALOG_COMPILER_APPICON_NAME = AppIcon;
				ASSETCATALOG_COMPILER_GLOBAL_ACCENT_COLOR_NAME = AccentColor;
				CODE_SIGN_STYLE = Automatic;
				CURRENT_PROJECT_VERSION = 1;
				DEVELOPMENT_TEAM = HM9J3DG5MT;
				FRAMEWORK_SEARCH_PATHS = (
					"$(inherited)",
					"$(PROJECT_DIR)/DaumMap.embeddedframework",
				);
				GENERATE_INFOPLIST_FILE = YES;
				INFOPLIST_FILE = FindMyCVS/Info.plist;
				INFOPLIST_KEY_UIApplicationSupportsIndirectInputEvents = YES;
				INFOPLIST_KEY_UILaunchStoryboardName = LaunchScreen;
				INFOPLIST_KEY_UISupportedInterfaceOrientations_iPad = "UIInterfaceOrientationPortrait UIInterfaceOrientationPortraitUpsideDown UIInterfaceOrientationLandscapeLeft UIInterfaceOrientationLandscapeRight";
				INFOPLIST_KEY_UISupportedInterfaceOrientations_iPhone = "UIInterfaceOrientationPortrait UIInterfaceOrientationLandscapeLeft UIInterfaceOrientationLandscapeRight";
				LD_RUNPATH_SEARCH_PATHS = (
					"$(inherited)",
					"@executable_path/Frameworks",
				);
				MARKETING_VERSION = 1.0;
				PRODUCT_BUNDLE_IDENTIFIER = com.soduma.FindMyCVS;
				PRODUCT_NAME = "$(TARGET_NAME)";
				SWIFT_EMIT_LOC_STRINGS = YES;
				SWIFT_OBJC_BRIDGING_HEADER = /Users/infofield/Desktop/FindMyCVS/FindMyCVS/BridgingHeader.h;
				SWIFT_VERSION = 5.0;
				TARGETED_DEVICE_FAMILY = "1,2";
			};
			name = Release;
		};
/* End XCBuildConfiguration section */

/* Begin XCConfigurationList section */
		A0C2414E2786BAD9002F9152 /* Build configuration list for PBXProject "FindMyCVS" */ = {
			isa = XCConfigurationList;
			buildConfigurations = (
				A0C241652786BADA002F9152 /* Debug */,
				A0C241662786BADA002F9152 /* Release */,
			);
			defaultConfigurationIsVisible = 0;
			defaultConfigurationName = Release;
		};
		A0C241672786BADA002F9152 /* Build configuration list for PBXNativeTarget "FindMyCVS" */ = {
			isa = XCConfigurationList;
			buildConfigurations = (
				A0C241682786BADA002F9152 /* Debug */,
				A0C241692786BADA002F9152 /* Release */,
			);
			defaultConfigurationIsVisible = 0;
			defaultConfigurationName = Release;
		};
/* End XCConfigurationList section */

/* Begin XCRemoteSwiftPackageReference section */
		A0C241822786C77C002F9152 /* XCRemoteSwiftPackageReference "SnapKit" */ = {
			isa = XCRemoteSwiftPackageReference;
			repositoryURL = "https://github.com/SnapKit/SnapKit.git";
			requirement = {
				kind = upToNextMajorVersion;
				minimumVersion = 5.0.0;
			};
		};
		A0C2418727883175002F9152 /* XCRemoteSwiftPackageReference "RxSwift" */ = {
			isa = XCRemoteSwiftPackageReference;
			repositoryURL = "https://github.com/ReactiveX/RxSwift.git";
			requirement = {
				kind = upToNextMajorVersion;
				minimumVersion = 6.0.0;
			};
		};
/* End XCRemoteSwiftPackageReference section */

/* Begin XCSwiftPackageProductDependency section */
		A0C241832786C77C002F9152 /* SnapKit */ = {
			isa = XCSwiftPackageProductDependency;
			package = A0C241822786C77C002F9152 /* XCRemoteSwiftPackageReference "SnapKit" */;
			productName = SnapKit;
		};
		A0C2418A27883175002F9152 /* RxCocoa */ = {
			isa = XCSwiftPackageProductDependency;
			package = A0C2418727883175002F9152 /* XCRemoteSwiftPackageReference "RxSwift" */;
			productName = RxCocoa;
		};
		A0C2418C27883175002F9152 /* RxRelay */ = {
			isa = XCSwiftPackageProductDependency;
			package = A0C2418727883175002F9152 /* XCRemoteSwiftPackageReference "RxSwift" */;
			productName = RxRelay;
		};
		A0C2418E27883175002F9152 /* RxSwift */ = {
			isa = XCSwiftPackageProductDependency;
			package = A0C2418727883175002F9152 /* XCRemoteSwiftPackageReference "RxSwift" */;
			productName = RxSwift;
		};
/* End XCSwiftPackageProductDependency section */
	};
	rootObject = A0C2414B2786BAD9002F9152 /* Project object */;
}
